github.com/alexanderthegreat96/dog v0.0.0-20231011193351-019599bfea72 h1:O+80QmTJphOWBEwHaBJol4bL5Pl/ue0yboK0lFkhb00=
github.com/alexanderthegreat96/dog v0.0.0-20231011193351-019599bfea72/go.mod h1:7zli1qL49WNNVdRQrulQeYNoSF5JOX6COXlDl7hYI2s=
github.com/alexanderthegreat96/dog v1.0.0 h1:9vUhkfO5Ry8OwPf/WOSPixmgNeCOUEs1elFj6Pd7yCM=
github.com/alexanderthegreat96/dog v1.0.0/go.mod h1:7zli1qL49WNNVdRQrulQeYNoSF5JOX6COXlDl7hYI2s=
